
Microsoft Visual Studio Solution File, Format Version 12.00
# Visual Studio Version 17
VisualStudioVersion = 17.7.34221.43
MinimumVisualStudioVersion = 10.0.40219.1
Project("{FAE04EC0-301F-11D3-BF4B-00C04F79EFBC}") = "esra internet ödevi", "esra internet ödevi\esra internet ödevi.csproj", "{40A0A08E-CA1E-4E69-AAE5-682921151CB2}"
EndProject
Global
	GlobalSection(SolutionConfigurationPlatforms) = preSolution
		Debug|Any CPU = Debug|Any CPU
		Release|Any CPU = Release|Any CPU
	EndGlobalSection
	GlobalSection(ProjectConfigurationPlatforms) = postSolution
		{40A0A08E-CA1E-4E69-AAE5-682921151CB2}.Debug|Any CPU.ActiveCfg = Debug|Any CPU
		{40A0A08E-CA1E-4E69-AAE5-682921151CB2}.Debug|Any CPU.Build.0 = Debug|Any CPU
		{40A0A08E-CA1E-4E69-AAE5-682921151CB2}.Release|Any CPU.ActiveCfg = Release|Any CPU
		{40A0A08E-CA1E-4E69-AAE5-682921151CB2}.Release|Any CPU.Build.0 = Release|Any CPU
	EndGlobalSection
	GlobalSection(SolutionProperties) = preSolution
		HideSolutionNode = FALSE
	EndGlobalSection
	GlobalSection(ExtensibilityGlobals) = postSolution
		SolutionGuid = {FB152A2A-2E41-4689-AAC0-414368C47F74}
	EndGlobalSection
EndGlobal
